
Microsoft Visual Studio Solution File, Format Version 12.00
# Visual Studio Version 17
VisualStudioVersion = 17.1.32328.378
MinimumVisualStudioVersion = 10.0.40219.1
Project("{FAE04EC0-301F-11D3-BF4B-00C04F79EFBC}") = "ED-SP2", "ED-SP2\ED-SP2.csproj", "{1B0749B1-CE18-4BC5-A6E0-DA1EFF035388}"
EndProject
Global
	GlobalSection(SolutionConfigurationPlatforms) = preSolution
		Debug|Any CPU = Debug|Any CPU
		Release|Any CPU = Release|Any CPU
	EndGlobalSection
	GlobalSection(ProjectConfigurationPlatforms) = postSolution
		{1B0749B1-CE18-4BC5-A6E0-DA1EFF035388}.Debug|Any CPU.ActiveCfg = Debug|Any CPU
		{1B0749B1-CE18-4BC5-A6E0-DA1EFF035388}.Debug|Any CPU.Build.0 = Debug|Any CPU
		{1B0749B1-CE18-4BC5-A6E0-DA1EFF035388}.Release|Any CPU.ActiveCfg = Release|Any CPU
		{1B0749B1-CE18-4BC5-A6E0-DA1EFF035388}.Release|Any CPU.Build.0 = Release|Any CPU
	EndGlobalSection
	GlobalSection(SolutionProperties) = preSolution
		HideSolutionNode = FALSE
	EndGlobalSection
	GlobalSection(ExtensibilityGlobals) = postSolution
		SolutionGuid = {D095F411-1FB5-4CE8-B3D6-5688A680150C}
	EndGlobalSection
EndGlobal
